
Microsoft Visual Studio Solution File, Format Version 12.00
# Visual Studio Version 16
VisualStudioVersion = 16.0.29519.181
MinimumVisualStudioVersion = 10.0.40219.1
Project("{9A19103F-16F7-4668-BE54-9A1E7A4F7556}") = "Hypernova.Net", "Hypernova.Net\Hypernova.Net.csproj", "{14A7AB6C-44BC-4F1A-A55A-BE6B26D009A1}"
EndProject
Project("{9A19103F-16F7-4668-BE54-9A1E7A4F7556}") = "Application.Web.Presentation", "Application.Web.Presentation\Application.Web.Presentation.csproj", "{A513343E-0DDB-45AF-BB22-EBA45138FA74}"
EndProject
Global
	GlobalSection(SolutionConfigurationPlatforms) = preSolution
		Debug|Any CPU = Debug|Any CPU
		Release|Any CPU = Release|Any CPU
	EndGlobalSection
	GlobalSection(ProjectConfigurationPlatforms) = postSolution
		{14A7AB6C-44BC-4F1A-A55A-BE6B26D009A1}.Debug|Any CPU.ActiveCfg = Debug|Any CPU
		{14A7AB6C-44BC-4F1A-A55A-BE6B26D009A1}.Debug|Any CPU.Build.0 = Debug|Any CPU
		{14A7AB6C-44BC-4F1A-A55A-BE6B26D009A1}.Release|Any CPU.ActiveCfg = Release|Any CPU
		{14A7AB6C-44BC-4F1A-A55A-BE6B26D009A1}.Release|Any CPU.Build.0 = Release|Any CPU
		{A513343E-0DDB-45AF-BB22-EBA45138FA74}.Debug|Any CPU.ActiveCfg = Debug|Any CPU
		{A513343E-0DDB-45AF-BB22-EBA45138FA74}.Debug|Any CPU.Build.0 = Debug|Any CPU
		{A513343E-0DDB-45AF-BB22-EBA45138FA74}.Release|Any CPU.ActiveCfg = Release|Any CPU
		{A513343E-0DDB-45AF-BB22-EBA45138FA74}.Release|Any CPU.Build.0 = Release|Any CPU
	EndGlobalSection
	GlobalSection(SolutionProperties) = preSolution
		HideSolutionNode = FALSE
	EndGlobalSection
	GlobalSection(ExtensibilityGlobals) = postSolution
		SolutionGuid = {802FB352-FF11-4691-B816-6D4CF9AC1EA4}
	EndGlobalSection
EndGlobal
